{
  "requires": true,
  "lockfileVersion": 1,
  "dependencies": {
    "eslint-plugin-promise": {
      "version": "4.1.1",
      "resolved": "https://registry.npmjs.org/eslint-plugin-promise/-/eslint-plugin-promise-4.1.1.tgz",
      "integrity": "sha512-faAHw7uzlNPy7b45J1guyjazw28M+7gJokKUjC5JSFoYfUEyy6Gw/i7YQvmv2Yk00sUjWcmzXQLpU1Ki/C2IZQ=="
    }
  }
}
